// !$*UTF8*$!
{
	archiveVersion = 1;
	classes = {
	};
	objectVersion = 50;
	objects = {

/* Begin PBXBuildFile section */
		2861D2BA00E481E0B95EE9C3 /* Pods_code_demoTests.framework in Frameworks */ = {isa = PBXBuildFile; fileRef = FA9C197084252381695F90C9 /* Pods_code_demoTests.framework */; };
		A935AD5D20D1BE9B00B8DB6E /* ProductEntityTests.swift in Sources */ = {isa = PBXBuildFile; fileRef = A935AD5C20D1BE9B00B8DB6E /* ProductEntityTests.swift */; };
		A93BF45620D1A3C600CF8984 /* AppDelegate.swift in Sources */ = {isa = PBXBuildFile; fileRef = A93BF45520D1A3C600CF8984 /* AppDelegate.swift */; };
		A93BF45820D1A3C600CF8984 /* ViewController.swift in Sources */ = {isa = PBXBuildFile; fileRef = A93BF45720D1A3C600CF8984 /* ViewController.swift */; };
		A93BF45D20D1A3CD00CF8984 /* Assets.xcassets in Resources */ = {isa = PBXBuildFile; fileRef = A93BF45C20D1A3CD00CF8984 /* Assets.xcassets */; };
		A93BF46020D1A3CD00CF8984 /* LaunchScreen.storyboard in Resources */ = {isa = PBXBuildFile; fileRef = A93BF45E20D1A3CD00CF8984 /* LaunchScreen.storyboard */; };
		C0D2CFE766B2C60BB3BADBFE /* Pods_code_demo.framework in Frameworks */ = {isa = PBXBuildFile; fileRef = 360523582A09F910D1DBE116 /* Pods_code_demo.framework */; };
/* End PBXBuildFile section */

/* Begin PBXContainerItemProxy section */
		A93BF46720D1A3CD00CF8984 /* PBXContainerItemProxy */ = {
			isa = PBXContainerItemProxy;
			containerPortal = A93BF44A20D1A3C600CF8984 /* Project object */;
			proxyType = 1;
			remoteGlobalIDString = A93BF45120D1A3C600CF8984;
			remoteInfo = "code-demo";
		};
/* End PBXContainerItemProxy section */

/* Begin PBXFileReference section */
		2FEF65BF3BF0279153513882 /* Pods-code-demoTests.debug.xcconfig */ = {isa = PBXFileReference; includeInIndex = 1; lastKnownFileType = text.xcconfig; name = "Pods-code-demoTests.debug.xcconfig"; path = "Pods/Target Support Files/Pods-code-demoTests/Pods-code-demoTests.debug.xcconfig"; sourceTree = "<group>"; };
		360523582A09F910D1DBE116 /* Pods_code_demo.framework */ = {isa = PBXFileReference; explicitFileType = wrapper.framework; includeInIndex = 0; path = Pods_code_demo.framework; sourceTree = BUILT_PRODUCTS_DIR; };
		38D3D4F3D83CAD47E6C494BA /* Pods-code-demo.debug.xcconfig */ = {isa = PBXFileReference; includeInIndex = 1; lastKnownFileType = text.xcconfig; name = "Pods-code-demo.debug.xcconfig"; path = "Pods/Target Support Files/Pods-code-demo/Pods-code-demo.debug.xcconfig"; sourceTree = "<group>"; };
		A935AD5320D1A58E00B8DB6E /* README.md */ = {isa = PBXFileReference; fileEncoding = 4; lastKnownFileType = net.daringfireball.markdown; path = README.md; sourceTree = "<group>"; };
		A935AD5C20D1BE9B00B8DB6E /* ProductEntityTests.swift */ = {isa = PBXFileReference; lastKnownFileType = sourcecode.swift; path = ProductEntityTests.swift; sourceTree = "<group>"; };
		A93BF45220D1A3C600CF8984 /* code-demo.app */ = {isa = PBXFileReference; explicitFileType = wrapper.application; includeInIndex = 0; path = "code-demo.app"; sourceTree = BUILT_PRODUCTS_DIR; };
		A93BF45520D1A3C600CF8984 /* AppDelegate.swift */ = {isa = PBXFileReference; lastKnownFileType = sourcecode.swift; path = AppDelegate.swift; sourceTree = "<group>"; };
		A93BF45720D1A3C600CF8984 /* ViewController.swift */ = {isa = PBXFileReference; lastKnownFileType = sourcecode.swift; path = ViewController.swift; sourceTree = "<group>"; };
		A93BF45C20D1A3CD00CF8984 /* Assets.xcassets */ = {isa = PBXFileReference; lastKnownFileType = folder.assetcatalog; path = Assets.xcassets; sourceTree = "<group>"; };
		A93BF45F20D1A3CD00CF8984 /* Base */ = {isa = PBXFileReference; lastKnownFileType = file.storyboard; name = Base; path = Base.lproj/LaunchScreen.storyboard; sourceTree = "<group>"; };
		A93BF46120D1A3CD00CF8984 /* Info.plist */ = {isa = PBXFileReference; lastKnownFileType = text.plist.xml; path = Info.plist; sourceTree = "<group>"; };
		A93BF46620D1A3CD00CF8984 /* code-demoTests.xctest */ = {isa = PBXFileReference; explicitFileType = wrapper.cfbundle; includeInIndex = 0; path = "code-demoTests.xctest"; sourceTree = BUILT_PRODUCTS_DIR; };
		A93BF46C20D1A3CD00CF8984 /* Info.plist */ = {isa = PBXFileReference; lastKnownFileType = text.plist.xml; path = Info.plist; sourceTree = "<group>"; };
		C57AC3197FD940E48316A71F /* Pods-code-demo.release.xcconfig */ = {isa = PBXFileReference; includeInIndex = 1; lastKnownFileType = text.xcconfig; name = "Pods-code-demo.release.xcconfig"; path = "Pods/Target Support Files/Pods-code-demo/Pods-code-demo.release.xcconfig"; sourceTree = "<group>"; };
		CDE26C1213DDAB86F9823693 /* Pods-code-demoTests.release.xcconfig */ = {isa = PBXFileReference; includeInIndex = 1; lastKnownFileType = text.xcconfig; name = "Pods-code-demoTests.release.xcconfig"; path = "Pods/Target Support Files/Pods-code-demoTests/Pods-code-demoTests.release.xcconfig"; sourceTree = "<group>"; };
		FA9C197084252381695F90C9 /* Pods_code_demoTests.framework */ = {isa = PBXFileReference; explicitFileType = wrapper.framework; includeInIndex = 0; path = Pods_code_demoTests.framework; sourceTree = BUILT_PRODUCTS_DIR; };
/* End PBXFileReference section */

/* Begin PBXFrameworksBuildPhase section */
		A93BF44F20D1A3C600CF8984 /* Frameworks */ = {
			isa = PBXFrameworksBuildPhase;
			buildActionMask = 2147483647;
			files = (
				C0D2CFE766B2C60BB3BADBFE /* Pods_code_demo.framework in Frameworks */,
			);
			runOnlyForDeploymentPostprocessing = 0;
		};
		A93BF46320D1A3CD00CF8984 /* Frameworks */ = {
			isa = PBXFrameworksBuildPhase;
			buildActionMask = 2147483647;
			files = (
				2861D2BA00E481E0B95EE9C3 /* Pods_code_demoTests.framework in Frameworks */,
			);
			runOnlyForDeploymentPostprocessing = 0;
		};
/* End PBXFrameworksBuildPhase section */

/* Begin PBXGroup section */
		759147858672E82A27EB6E00 /* Pods */ = {
			isa = PBXGroup;
			children = (
				38D3D4F3D83CAD47E6C494BA /* Pods-code-demo.debug.xcconfig */,
				C57AC3197FD940E48316A71F /* Pods-code-demo.release.xcconfig */,
				2FEF65BF3BF0279153513882 /* Pods-code-demoTests.debug.xcconfig */,
				CDE26C1213DDAB86F9823693 /* Pods-code-demoTests.release.xcconfig */,
			);
			name = Pods;
			sourceTree = "<group>";
		};
		A935AD5520D1B4BC00B8DB6E /* Screens */ = {
			isa = PBXGroup;
			children = (
				A935AD5820D1B73400B8DB6E /* Views */,
			);
			path = Screens;
			sourceTree = "<group>";
		};
		A935AD5720D1B53100B8DB6E /* Models */ = {
			isa = PBXGroup;
			children = (
				A935AD5B20D1BE0F00B8DB6E /* Entities */,
			);
			path = Models;
			sourceTree = "<group>";
		};
		A935AD5820D1B73400B8DB6E /* Views */ = {
			isa = PBXGroup;
			children = (
				A935AD5920D1B82500B8DB6E /* ProductGridViewControllerTests.swift */,
			);
			path = Views;
			sourceTree = "<group>";
		};
		A935AD5B20D1BE0F00B8DB6E /* Entities */ = {
			isa = PBXGroup;
			children = (
				A935AD5C20D1BE9B00B8DB6E /* ProductEntityTests.swift */,
			);
			path = Entities;
			sourceTree = "<group>";
		};
		A93BF44920D1A3C600CF8984 = {
			isa = PBXGroup;
			children = (
				A935AD5320D1A58E00B8DB6E /* README.md */,
				A93BF45420D1A3C600CF8984 /* code-demo */,
				A93BF46920D1A3CD00CF8984 /* code-demoTests */,
				A93BF45320D1A3C600CF8984 /* Products */,
				759147858672E82A27EB6E00 /* Pods */,
				F2D9C20C7C007BE599CA7175 /* Frameworks */,
			);
			sourceTree = "<group>";
		};
		A93BF45320D1A3C600CF8984 /* Products */ = {
			isa = PBXGroup;
			children = (
				A93BF45220D1A3C600CF8984 /* code-demo.app */,
				A93BF46620D1A3CD00CF8984 /* code-demoTests.xctest */,
			);
			name = Products;
			sourceTree = "<group>";
		};
		A93BF45420D1A3C600CF8984 /* code-demo */ = {
			isa = PBXGroup;
			children = (
				A93BF45520D1A3C600CF8984 /* AppDelegate.swift */,
				A93BF45720D1A3C600CF8984 /* ViewController.swift */,
				A93BF45C20D1A3CD00CF8984 /* Assets.xcassets */,
				A93BF45E20D1A3CD00CF8984 /* LaunchScreen.storyboard */,
				A93BF46120D1A3CD00CF8984 /* Info.plist */,
			);
			path = "code-demo";
			sourceTree = "<group>";
		};
		A93BF46920D1A3CD00CF8984 /* code-demoTests */ = {
			isa = PBXGroup;
			children = (
				A935AD5720D1B53100B8DB6E /* Models */,
				A935AD5520D1B4BC00B8DB6E /* Screens */,
				A93BF46C20D1A3CD00CF8984 /* Info.plist */,
			);
			path = "code-demoTests";
			sourceTree = "<group>";
		};
		F2D9C20C7C007BE599CA7175 /* Frameworks */ = {
			isa = PBXGroup;
			children = (
				360523582A09F910D1DBE116 /* Pods_code_demo.framework */,
				FA9C197084252381695F90C9 /* Pods_code_demoTests.framework */,
			);
			name = Frameworks;
			sourceTree = "<group>";
		};
/* End PBXGroup section */

/* Begin PBXNativeTarget section */
		A93BF45120D1A3C600CF8984 /* code-demo */ = {
			isa = PBXNativeTarget;
			buildConfigurationList = A93BF46F20D1A3CD00CF8984 /* Build configuration list for PBXNativeTarget "code-demo" */;
			buildPhases = (
				BEBE4B129548B6E71813BBEA /* [CP] Check Pods Manifest.lock */,
				A93BF44E20D1A3C600CF8984 /* Sources */,
				A93BF44F20D1A3C600CF8984 /* Frameworks */,
				A93BF45020D1A3C600CF8984 /* Resources */,
				3196E2380073597F68A222FC /* [CP] Embed Pods Frameworks */,
			);
			buildRules = (
			);
			dependencies = (
			);
			name = "code-demo";
			productName = "code-demo";
			productReference = A93BF45220D1A3C600CF8984 /* code-demo.app */;
			productType = "com.apple.product-type.application";
		};
		A93BF46520D1A3CD00CF8984 /* code-demoTests */ = {
			isa = PBXNativeTarget;
			buildConfigurationList = A93BF47220D1A3CD00CF8984 /* Build configuration list for PBXNativeTarget "code-demoTests" */;
			buildPhases = (
				4110E94B45C36CCAC027C6B1 /* [CP] Check Pods Manifest.lock */,
				A93BF46220D1A3CD00CF8984 /* Sources */,
				A93BF46320D1A3CD00CF8984 /* Frameworks */,
				A93BF46420D1A3CD00CF8984 /* Resources */,
			);
			buildRules = (
			);
			dependencies = (
				A93BF46820D1A3CD00CF8984 /* PBXTargetDependency */,
			);
			name = "code-demoTests";
			productName = "code-demoTests";
			productReference = A93BF46620D1A3CD00CF8984 /* code-demoTests.xctest */;
			productType = "com.apple.product-type.bundle.unit-test";
		};
/* End PBXNativeTarget section */

/* Begin PBXProject section */
		A93BF44A20D1A3C600CF8984 /* Project object */ = {
			isa = PBXProject;
			attributes = {
				LastSwiftUpdateCheck = 0940;
				LastUpgradeCheck = 0940;
				ORGANIZATIONNAME = BitBuildr;
				TargetAttributes = {
					A93BF45120D1A3C600CF8984 = {
						CreatedOnToolsVersion = 9.4;
					};
					A93BF46520D1A3CD00CF8984 = {
						CreatedOnToolsVersion = 9.4;
						LastSwiftMigration = 0940;
						TestTargetID = A93BF45120D1A3C600CF8984;
					};
				};
			};
			buildConfigurationList = A93BF44D20D1A3C600CF8984 /* Build configuration list for PBXProject "code-demo" */;
			compatibilityVersion = "Xcode 9.3";
			developmentRegion = en;
			hasScannedForEncodings = 0;
			knownRegions = (
				en,
				Base,
			);
			mainGroup = A93BF44920D1A3C600CF8984;
			productRefGroup = A93BF45320D1A3C600CF8984 /* Products */;
			projectDirPath = "";
			projectRoot = "";
			targets = (
				A93BF45120D1A3C600CF8984 /* code-demo */,
				A93BF46520D1A3CD00CF8984 /* code-demoTests */,
			);
		};
/* End PBXProject section */

/* Begin PBXResourcesBuildPhase section */
		A93BF45020D1A3C600CF8984 /* Resources */ = {
			isa = PBXResourcesBuildPhase;
			buildActionMask = 2147483647;
			files = (
				A93BF46020D1A3CD00CF8984 /* LaunchScreen.storyboard in Resources */,
				A93BF45D20D1A3CD00CF8984 /* Assets.xcassets in Resources */,
			);
			runOnlyForDeploymentPostprocessing = 0;
		};
		A93BF46420D1A3CD00CF8984 /* Resources */ = {
			isa = PBXResourcesBuildPhase;
			buildActionMask = 2147483647;
			files = (
			);
			runOnlyForDeploymentPostprocessing = 0;
		};
/* End PBXResourcesBuildPhase section */

/* Begin PBXShellScriptBuildPhase section */
		3196E2380073597F68A222FC /* [CP] Embed Pods Frameworks */ = {
			isa = PBXShellScriptBuildPhase;
			buildActionMask = 2147483647;
			files = (
			);
			inputPaths = (
				"${SRCROOT}/Pods/Target Support Files/Pods-code-demo/Pods-code-demo-frameworks.sh",
				"${BUILT_PRODUCTS_DIR}/Alamofire/Alamofire.framework",
				"${BUILT_PRODUCTS_DIR}/SnapKit/SnapKit.framework",
			);
			name = "[CP] Embed Pods Frameworks";
			outputPaths = (
				"${TARGET_BUILD_DIR}/${FRAMEWORKS_FOLDER_PATH}/Alamofire.framework",
				"${TARGET_BUILD_DIR}/${FRAMEWORKS_FOLDER_PATH}/SnapKit.framework",
			);
			runOnlyForDeploymentPostprocessing = 0;
			shellPath = /bin/sh;
			shellScript = "\"${SRCROOT}/Pods/Target Support Files/Pods-code-demo/Pods-code-demo-frameworks.sh\"\n";
			showEnvVarsInLog = 0;
		};
		4110E94B45C36CCAC027C6B1 /* [CP] Check Pods Manifest.lock */ = {
			isa = PBXShellScriptBuildPhase;
			buildActionMask = 2147483647;
			files = (
			);
			inputPaths = (
				"${PODS_PODFILE_DIR_PATH}/Podfile.lock",
				"${PODS_ROOT}/Manifest.lock",
			);
			name = "[CP] Check Pods Manifest.lock";
			outputPaths = (
				"$(DERIVED_FILE_DIR)/Pods-code-demoTests-checkManifestLockResult.txt",
			);
			runOnlyForDeploymentPostprocessing = 0;
			shellPath = /bin/sh;
			shellScript = "diff \"${PODS_PODFILE_DIR_PATH}/Podfile.lock\" \"${PODS_ROOT}/Manifest.lock\" > /dev/null\nif [ $? != 0 ] ; then\n    # print error to STDERR\n    echo \"error: The sandbox is not in sync with the Podfile.lock. Run 'pod install' or update your CocoaPods installation.\" >&2\n    exit 1\nfi\n# This output is used by Xcode 'outputs' to avoid re-running this script phase.\necho \"SUCCESS\" > \"${SCRIPT_OUTPUT_FILE_0}\"\n";
			showEnvVarsInLog = 0;
		};
		BEBE4B129548B6E71813BBEA /* [CP] Check Pods Manifest.lock */ = {
			isa = PBXShellScriptBuildPhase;
			buildActionMask = 2147483647;
			files = (
			);
			inputPaths = (
				"${PODS_PODFILE_DIR_PATH}/Podfile.lock",
				"${PODS_ROOT}/Manifest.lock",
			);
			name = "[CP] Check Pods Manifest.lock";
			outputPaths = (
				"$(DERIVED_FILE_DIR)/Pods-code-demo-checkManifestLockResult.txt",
			);
			runOnlyForDeploymentPostprocessing = 0;
			shellPath = /bin/sh;
			shellScript = "diff \"${PODS_PODFILE_DIR_PATH}/Podfile.lock\" \"${PODS_ROOT}/Manifest.lock\" > /dev/null\nif [ $? != 0 ] ; then\n    # print error to STDERR\n    echo \"error: The sandbox is not in sync with the Podfile.lock. Run 'pod install' or update your CocoaPods installation.\" >&2\n    exit 1\nfi\n# This output is used by Xcode 'outputs' to avoid re-running this script phase.\necho \"SUCCESS\" > \"${SCRIPT_OUTPUT_FILE_0}\"\n";
			showEnvVarsInLog = 0;
		};
/* End PBXShellScriptBuildPhase section */

/* Begin PBXSourcesBuildPhase section */
		A93BF44E20D1A3C600CF8984 /* Sources */ = {
			isa = PBXSourcesBuildPhase;
			buildActionMask = 2147483647;
			files = (
				A93BF45820D1A3C600CF8984 /* ViewController.swift in Sources */,
				A93BF45620D1A3C600CF8984 /* AppDelegate.swift in Sources */,
			);
			runOnlyForDeploymentPostprocessing = 0;
		};
		A93BF46220D1A3CD00CF8984 /* Sources */ = {
			isa = PBXSourcesBuildPhase;
			buildActionMask = 2147483647;
			files = (
				A935AD5D20D1BE9B00B8DB6E /* ProductEntityTests.swift in Sources */,
			);
			runOnlyForDeploymentPostprocessing = 0;
		};
/* End PBXSourcesBuildPhase section */

/* Begin PBXTargetDependency section */
		A93BF46820D1A3CD00CF8984 /* PBXTargetDependency */ = {
			isa = PBXTargetDependency;
			target = A93BF45120D1A3C600CF8984 /* code-demo */;
			targetProxy = A93BF46720D1A3CD00CF8984 /* PBXContainerItemProxy */;
		};
/* End PBXTargetDependency section */

/* Begin PBXVariantGroup section */
		A93BF45E20D1A3CD00CF8984 /* LaunchScreen.storyboard */ = {
			isa = PBXVariantGroup;
			children = (
				A93BF45F20D1A3CD00CF8984 /* Base */,
			);
			name = LaunchScreen.storyboard;
			sourceTree = "<group>";
		};
/* End PBXVariantGroup section */

/* Begin XCBuildConfiguration section */
		A93BF46D20D1A3CD00CF8984 /* Debug */ = {
			isa = XCBuildConfiguration;
			buildSettings = {
				ALWAYS_SEARCH_USER_PATHS = NO;
				CLANG_ANALYZER_NONNULL = YES;
				CLANG_ANALYZER_NUMBER_OBJECT_CONVERSION = YES_AGGRESSIVE;
				CLANG_CXX_LANGUAGE_STANDARD = "gnu++14";
				CLANG_CXX_LIBRARY = "libc++";
				CLANG_ENABLE_MODULES = YES;
				CLANG_ENABLE_OBJC_ARC = YES;
				CLANG_ENABLE_OBJC_WEAK = YES;
				CLANG_WARN_BLOCK_CAPTURE_AUTORELEASING = YES;
				CLANG_WARN_BOOL_CONVERSION = YES;
				CLANG_WARN_COMMA = YES;
				CLANG_WARN_CONSTANT_CONVERSION = YES;
				CLANG_WARN_DEPRECATED_OBJC_IMPLEMENTATIONS = YES;
				CLANG_WARN_DIRECT_OBJC_ISA_USAGE = YES_ERROR;
				CLANG_WARN_DOCUMENTATION_COMMENTS = YES;
				CLANG_WARN_EMPTY_BODY = YES;
				CLANG_WARN_ENUM_CONVERSION = YES;
				CLANG_WARN_INFINITE_RECURSION = YES;
				CLANG_WARN_INT_CONVERSION = YES;
				CLANG_WARN_NON_LITERAL_NULL_CONVERSION = YES;
				CLANG_WARN_OBJC_IMPLICIT_RETAIN_SELF = YES;
				CLANG_WARN_OBJC_LITERAL_CONVERSION = YES;
				CLANG_WARN_OBJC_ROOT_CLASS = YES_ERROR;
				CLANG_WARN_RANGE_LOOP_ANALYSIS = YES;
				CLANG_WARN_STRICT_PROTOTYPES = YES;
				CLANG_WARN_SUSPICIOUS_MOVE = YES;
				CLANG_WARN_UNGUARDED_AVAILABILITY = YES_AGGRESSIVE;
				CLANG_WARN_UNREACHABLE_CODE = YES;
				CLANG_WARN__DUPLICATE_METHOD_MATCH = YES;
				CODE_SIGN_IDENTITY = "iPhone Developer";
				COPY_PHASE_STRIP = NO;
				DEBUG_INFORMATION_FORMAT = dwarf;
				ENABLE_STRICT_OBJC_MSGSEND = YES;
				ENABLE_TESTABILITY = YES;
				GCC_C_LANGUAGE_STANDARD = gnu11;
				GCC_DYNAMIC_NO_PIC = NO;
				GCC_NO_COMMON_BLOCKS = YES;
				GCC_OPTIMIZATION_LEVEL = 0;
				GCC_PREPROCESSOR_DEFINITIONS = (
					"DEBUG=1",
					"$(inherited)",
				);
				GCC_WARN_64_TO_32_BIT_CONVERSION = YES;
				GCC_WARN_ABOUT_RETURN_TYPE = YES_ERROR;
				GCC_WARN_UNDECLARED_SELECTOR = YES;
				GCC_WARN_UNINITIALIZED_AUTOS = YES_AGGRESSIVE;
				GCC_WARN_UNUSED_FUNCTION = YES;
				GCC_WARN_UNUSED_VARIABLE = YES;
				IPHONEOS_DEPLOYMENT_TARGET = 11.0;
				MTL_ENABLE_DEBUG_INFO = YES;
				ONLY_ACTIVE_ARCH = YES;
				SDKROOT = iphoneos;
				SWIFT_ACTIVE_COMPILATION_CONDITIONS = DEBUG;
				SWIFT_OPTIMIZATION_LEVEL = "-Onone";
			};
			name = Debug;
		};
		A93BF46E20D1A3CD00CF8984 /* Release */ = {
			isa = XCBuildConfiguration;
			buildSettings = {
				ALWAYS_SEARCH_USER_PATHS = NO;
				CLANG_ANALYZER_NONNULL = YES;
				CLANG_ANALYZER_NUMBER_OBJECT_CONVERSION = YES_AGGRESSIVE;
				CLANG_CXX_LANGUAGE_STANDARD = "gnu++14";
				CLANG_CXX_LIBRARY = "libc++";
				CLANG_ENABLE_MODULES = YES;
				CLANG_ENABLE_OBJC_ARC = YES;
				CLANG_ENABLE_OBJC_WEAK = YES;
				CLANG_WARN_BLOCK_CAPTURE_AUTORELEASING = YES;
				CLANG_WARN_BOOL_CONVERSION = YES;
				CLANG_WARN_COMMA = YES;
				CLANG_WARN_CONSTANT_CONVERSION = YES;
				CLANG_WARN_DEPRECATED_OBJC_IMPLEMENTATIONS = YES;
				CLANG_WARN_DIRECT_OBJC_ISA_USAGE = YES_ERROR;
				CLANG_WARN_DOCUMENTATION_COMMENTS = YES;
				CLANG_WARN_EMPTY_BODY = YES;
				CLANG_WARN_ENUM_CONVERSION = YES;
				CLANG_WARN_INFINITE_RECURSION = YES;
				CLANG_WARN_INT_CONVERSION = YES;
				CLANG_WARN_NON_LITERAL_NULL_CONVERSION = YES;
				CLANG_WARN_OBJC_IMPLICIT_RETAIN_SELF = YES;
				CLANG_WARN_OBJC_LITERAL_CONVERSION = YES;
				CLANG_WARN_OBJC_ROOT_CLASS = YES_ERROR;
				CLANG_WARN_RANGE_LOOP_ANALYSIS = YES;
				CLANG_WARN_STRICT_PROTOTYPES = YES;
				CLANG_WARN_SUSPICIOUS_MOVE = YES;
				CLANG_WARN_UNGUARDED_AVAILABILITY = YES_AGGRESSIVE;
				CLANG_WARN_UNREACHABLE_CODE = YES;
				CLANG_WARN__DUPLICATE_METHOD_MATCH = YES;
				CODE_SIGN_IDENTITY = "iPhone Developer";
				COPY_PHASE_STRIP = NO;
				DEBUG_INFORMATION_FORMAT = "dwarf-with-dsym";
				ENABLE_NS_ASSERTIONS = NO;
				ENABLE_STRICT_OBJC_MSGSEND = YES;
				GCC_C_LANGUAGE_STANDARD = gnu11;
				GCC_NO_COMMON_BLOCKS = YES;
				GCC_WARN_64_TO_32_BIT_CONVERSION = YES;
				GCC_WARN_ABOUT_RETURN_TYPE = YES_ERROR;
				GCC_WARN_UNDECLARED_SELECTOR = YES;
				GCC_WARN_UNINITIALIZED_AUTOS = YES_AGGRESSIVE;
				GCC_WARN_UNUSED_FUNCTION = YES;
				GCC_WARN_UNUSED_VARIABLE = YES;
				IPHONEOS_DEPLOYMENT_TARGET = 11.0;
				MTL_ENABLE_DEBUG_INFO = NO;
				SDKROOT = iphoneos;
				SWIFT_COMPILATION_MODE = wholemodule;
				SWIFT_OPTIMIZATION_LEVEL = "-O";
				VALIDATE_PRODUCT = YES;
			};
			name = Release;
		};
		A93BF47020D1A3CD00CF8984 /* Debug */ = {
			isa = XCBuildConfiguration;
			baseConfigurationReference = 38D3D4F3D83CAD47E6C494BA /* Pods-code-demo.debug.xcconfig */;
			buildSettings = {
				ASSETCATALOG_COMPILER_APPICON_NAME = AppIcon;
				CODE_SIGN_STYLE = Automatic;
				DEVELOPMENT_TEAM = N3JGMXBPB4;
				INFOPLIST_FILE = "code-demo/Info.plist";
				IPHONEOS_DEPLOYMENT_TARGET = 11.0;
				LD_RUNPATH_SEARCH_PATHS = (
					"$(inherited)",
					"@executable_path/Frameworks",
				);
				PRODUCT_BUNDLE_IDENTIFIER = "com.bitbuildr.code-demo";
				PRODUCT_NAME = "$(TARGET_NAME)";
				SWIFT_VERSION = 4.0;
				TARGETED_DEVICE_FAMILY = "1,2";
			};
			name = Debug;
		};
		A93BF47120D1A3CD00CF8984 /* Release */ = {
			isa = XCBuildConfiguration;
			baseConfigurationReference = C57AC3197FD940E48316A71F /* Pods-code-demo.release.xcconfig */;
			buildSettings = {
				ASSETCATALOG_COMPILER_APPICON_NAME = AppIcon;
				CODE_SIGN_STYLE = Automatic;
				DEVELOPMENT_TEAM = N3JGMXBPB4;
				INFOPLIST_FILE = "code-demo/Info.plist";
				IPHONEOS_DEPLOYMENT_TARGET = 11.0;
				LD_RUNPATH_SEARCH_PATHS = (
					"$(inherited)",
					"@executable_path/Frameworks",
				);
				PRODUCT_BUNDLE_IDENTIFIER = "com.bitbuildr.code-demo";
				PRODUCT_NAME = "$(TARGET_NAME)";
				SWIFT_VERSION = 4.0;
				TARGETED_DEVICE_FAMILY = "1,2";
			};
			name = Release;
		};
		A93BF47320D1A3CD00CF8984 /* Debug */ = {
			isa = XCBuildConfiguration;
			baseConfigurationReference = 2FEF65BF3BF0279153513882 /* Pods-code-demoTests.debug.xcconfig */;
			buildSettings = {
				ALWAYS_EMBED_SWIFT_STANDARD_LIBRARIES = YES;
				BUNDLE_LOADER = "$(TEST_HOST)";
				CLANG_ENABLE_MODULES = YES;
				CODE_SIGN_STYLE = Automatic;
				DEVELOPMENT_TEAM = N3JGMXBPB4;
				INFOPLIST_FILE = "code-demoTests/Info.plist";
				LD_RUNPATH_SEARCH_PATHS = (
					"$(inherited)",
					"@executable_path/Frameworks",
					"@loader_path/Frameworks",
				);
				PRODUCT_BUNDLE_IDENTIFIER = "com.bitbuildr.code-demoTests";
				PRODUCT_NAME = "$(TARGET_NAME)";
				SWIFT_OPTIMIZATION_LEVEL = "-Onone";
				SWIFT_VERSION = 4.0;
				TARGETED_DEVICE_FAMILY = "1,2";
				TEST_HOST = "$(BUILT_PRODUCTS_DIR)/code-demo.app/code-demo";
			};
			name = Debug;
		};
		A93BF47420D1A3CD00CF8984 /* Release */ = {
			isa = XCBuildConfiguration;
			baseConfigurationReference = CDE26C1213DDAB86F9823693 /* Pods-code-demoTests.release.xcconfig */;
			buildSettings = {
				ALWAYS_EMBED_SWIFT_STANDARD_LIBRARIES = YES;
				BUNDLE_LOADER = "$(TEST_HOST)";
				CLANG_ENABLE_MODULES = YES;
				CODE_SIGN_STYLE = Automatic;
				DEVELOPMENT_TEAM = N3JGMXBPB4;
				INFOPLIST_FILE = "code-demoTests/Info.plist";
				LD_RUNPATH_SEARCH_PATHS = (
					"$(inherited)",
					"@executable_path/Frameworks",
					"@loader_path/Frameworks",
				);
				PRODUCT_BUNDLE_IDENTIFIER = "com.bitbuildr.code-demoTests";
				PRODUCT_NAME = "$(TARGET_NAME)";
				SWIFT_VERSION = 4.0;
				TARGETED_DEVICE_FAMILY = "1,2";
				TEST_HOST = "$(BUILT_PRODUCTS_DIR)/code-demo.app/code-demo";
			};
			name = Release;
		};
/* End XCBuildConfiguration section */

/* Begin XCConfigurationList section */
		A93BF44D20D1A3C600CF8984 /* Build configuration list for PBXProject "code-demo" */ = {
			isa = XCConfigurationList;
			buildConfigurations = (
				A93BF46D20D1A3CD00CF8984 /* Debug */,
				A93BF46E20D1A3CD00CF8984 /* Release */,
			);
			defaultConfigurationIsVisible = 0;
			defaultConfigurationName = Release;
		};
		A93BF46F20D1A3CD00CF8984 /* Build configuration list for PBXNativeTarget "code-demo" */ = {
			isa = XCConfigurationList;
			buildConfigurations = (
				A93BF47020D1A3CD00CF8984 /* Debug */,
				A93BF47120D1A3CD00CF8984 /* Release */,
			);
			defaultConfigurationIsVisible = 0;
			defaultConfigurationName = Release;
		};
		A93BF47220D1A3CD00CF8984 /* Build configuration list for PBXNativeTarget "code-demoTests" */ = {
			isa = XCConfigurationList;
			buildConfigurations = (
				A93BF47320D1A3CD00CF8984 /* Debug */,
				A93BF47420D1A3CD00CF8984 /* Release */,
			);
			defaultConfigurationIsVisible = 0;
			defaultConfigurationName = Release;
		};
/* End XCConfigurationList section */
	};
	rootObject = A93BF44A20D1A3C600CF8984 /* Project object */;
}
